
Microsoft Visual Studio Solution File, Format Version 12.00
# Visual Studio Version 17
VisualStudioVersion = 17.12.35707.178 d17.12
MinimumVisualStudioVersion = 10.0.40219.1
Project("{FAE04EC0-301F-11D3-BF4B-00C04F79EFBC}") = "Calculator", "Calculator.csproj", "{C0B33B41-BCE7-46ED-9F33-A377D1024E50}"
EndProject
Project("{FAE04EC0-301F-11D3-BF4B-00C04F79EFBC}") = "Calculator.Tests", "..\Calculator.Tests\Calculator.Tests.csproj", "{B741969D-860E-43B3-9274-1EE90AAADE72}"
EndProject
Global
	GlobalSection(SolutionConfigurationPlatforms) = preSolution
		Debug|Any CPU = Debug|Any CPU
		Release|Any CPU = Release|Any CPU
	EndGlobalSection
	GlobalSection(ProjectConfigurationPlatforms) = postSolution
		{C0B33B41-BCE7-46ED-9F33-A377D1024E50}.Debug|Any CPU.ActiveCfg = Debug|Any CPU
		{C0B33B41-BCE7-46ED-9F33-A377D1024E50}.Debug|Any CPU.Build.0 = Debug|Any CPU
		{C0B33B41-BCE7-46ED-9F33-A377D1024E50}.Release|Any CPU.ActiveCfg = Release|Any CPU
		{C0B33B41-BCE7-46ED-9F33-A377D1024E50}.Release|Any CPU.Build.0 = Release|Any CPU
		{B741969D-860E-43B3-9274-1EE90AAADE72}.Debug|Any CPU.ActiveCfg = Debug|Any CPU
		{B741969D-860E-43B3-9274-1EE90AAADE72}.Debug|Any CPU.Build.0 = Debug|Any CPU
		{B741969D-860E-43B3-9274-1EE90AAADE72}.Release|Any CPU.ActiveCfg = Release|Any CPU
		{B741969D-860E-43B3-9274-1EE90AAADE72}.Release|Any CPU.Build.0 = Release|Any CPU
	EndGlobalSection
	GlobalSection(SolutionProperties) = preSolution
		HideSolutionNode = FALSE
	EndGlobalSection
EndGlobal
